
Microsoft Visual Studio Solution File, Format Version 12.00
# Visual Studio 15
VisualStudioVersion = 15.0.27130.2027
MinimumVisualStudioVersion = 10.0.40219.1
Project("{FAE04EC0-301F-11D3-BF4B-00C04F79EFBC}") = "dpSqlFileTable", "dpSqlFileTable\dpSqlFileTable.csproj", "{EFB5AFA3-7B43-4113-82C5-2C23FB287DF8}"
EndProject
Global
	GlobalSection(SolutionConfigurationPlatforms) = preSolution
		Debug|Any CPU = Debug|Any CPU
		Release|Any CPU = Release|Any CPU
	EndGlobalSection
	GlobalSection(ProjectConfigurationPlatforms) = postSolution
		{EFB5AFA3-7B43-4113-82C5-2C23FB287DF8}.Debug|Any CPU.ActiveCfg = Debug|Any CPU
		{EFB5AFA3-7B43-4113-82C5-2C23FB287DF8}.Debug|Any CPU.Build.0 = Debug|Any CPU
		{EFB5AFA3-7B43-4113-82C5-2C23FB287DF8}.Release|Any CPU.ActiveCfg = Release|Any CPU
		{EFB5AFA3-7B43-4113-82C5-2C23FB287DF8}.Release|Any CPU.Build.0 = Release|Any CPU
	EndGlobalSection
	GlobalSection(SolutionProperties) = preSolution
		HideSolutionNode = FALSE
	EndGlobalSection
	GlobalSection(ExtensibilityGlobals) = postSolution
		SolutionGuid = {2DE49FBB-2F14-4C29-B330-4A8F2BF8F19E}
	EndGlobalSection
EndGlobal
